
Microsoft Visual Studio Solution File, Format Version 12.00
# Visual Studio Version 17
VisualStudioVersion = 17.9.34728.123
MinimumVisualStudioVersion = 10.0.40219.1
Project("{FAE04EC0-301F-11D3-BF4B-00C04F79EFBC}") = "Notificacion", "Notificacion\Notificacion.csproj", "{52F9DD9E-9D7E-4111-9A47-3EADBD47AFC9}"
EndProject
Global
	GlobalSection(SolutionConfigurationPlatforms) = preSolution
		Debug|Any CPU = Debug|Any CPU
		Release|Any CPU = Release|Any CPU
	EndGlobalSection
	GlobalSection(ProjectConfigurationPlatforms) = postSolution
		{52F9DD9E-9D7E-4111-9A47-3EADBD47AFC9}.Debug|Any CPU.ActiveCfg = Debug|Any CPU
		{52F9DD9E-9D7E-4111-9A47-3EADBD47AFC9}.Debug|Any CPU.Build.0 = Debug|Any CPU
		{52F9DD9E-9D7E-4111-9A47-3EADBD47AFC9}.Debug|Any CPU.Deploy.0 = Debug|Any CPU
		{52F9DD9E-9D7E-4111-9A47-3EADBD47AFC9}.Release|Any CPU.ActiveCfg = Release|Any CPU
		{52F9DD9E-9D7E-4111-9A47-3EADBD47AFC9}.Release|Any CPU.Build.0 = Release|Any CPU
		{52F9DD9E-9D7E-4111-9A47-3EADBD47AFC9}.Release|Any CPU.Deploy.0 = Release|Any CPU
	EndGlobalSection
	GlobalSection(SolutionProperties) = preSolution
		HideSolutionNode = FALSE
	EndGlobalSection
	GlobalSection(ExtensibilityGlobals) = postSolution
		SolutionGuid = {BF1C7BB0-8B90-4F26-841C-88D2E2FAC6D3}
	EndGlobalSection
EndGlobal
